Microsoft Visual Studio Solution File, Format Version 11.00
# Visual Studio 2008

Project("{01F1A9C7-85D7-F2E1-596C-5842D2ED6B26}") = "Global Game Jam", "Assembly-CSharp-firstpass.csproj", "{9859D104-24B1-071C-4506-E30B69862DA4}"
EndProject
Project("{01F1A9C7-85D7-F2E1-596C-5842D2ED6B26}") = "Global Game Jam", "Assembly-CSharp.csproj", "{3137E974-ACBE-5581-A5DD-4607AD8F0AF5}"
EndProject
Project("{01F1A9C7-85D7-F2E1-596C-5842D2ED6B26}") = "Global Game Jam", "Assembly-CSharp-Editor.csproj", "{60270A0A-C851-814B-F762-4144BD1123B0}"
EndProject
Global
	GlobalSection(SolutionConfigurationPlatforms) = preSolution
		Debug|Any CPU = Debug|Any CPU
		Release|Any CPU = Release|Any CPU
	EndGlobalSection
	GlobalSection(ProjectConfigurationPlatforms) = postSolution
		{9859D104-24B1-071C-4506-E30B69862DA4}.Debug|Any CPU.ActiveCfg = Debug|Any CPU
		{9859D104-24B1-071C-4506-E30B69862DA4}.Debug|Any CPU.Build.0 = Debug|Any CPU
		{9859D104-24B1-071C-4506-E30B69862DA4}.Release|Any CPU.ActiveCfg = Release|Any CPU
		{9859D104-24B1-071C-4506-E30B69862DA4}.Release|Any CPU.Build.0 = Release|Any CPU
		{3137E974-ACBE-5581-A5DD-4607AD8F0AF5}.Debug|Any CPU.ActiveCfg = Debug|Any CPU
		{3137E974-ACBE-5581-A5DD-4607AD8F0AF5}.Debug|Any CPU.Build.0 = Debug|Any CPU
		{3137E974-ACBE-5581-A5DD-4607AD8F0AF5}.Release|Any CPU.ActiveCfg = Release|Any CPU
		{3137E974-ACBE-5581-A5DD-4607AD8F0AF5}.Release|Any CPU.Build.0 = Release|Any CPU
		{60270A0A-C851-814B-F762-4144BD1123B0}.Debug|Any CPU.ActiveCfg = Debug|Any CPU
		{60270A0A-C851-814B-F762-4144BD1123B0}.Debug|Any CPU.Build.0 = Debug|Any CPU
		{60270A0A-C851-814B-F762-4144BD1123B0}.Release|Any CPU.ActiveCfg = Release|Any CPU
		{60270A0A-C851-814B-F762-4144BD1123B0}.Release|Any CPU.Build.0 = Release|Any CPU
	EndGlobalSection
	GlobalSection(SolutionProperties) = preSolution
		HideSolutionNode = FALSE
	EndGlobalSection
																GlobalSection(MonoDevelopProperties) = preSolution
		StartupItem = Assembly-CSharp.csproj
		Policies = $0
		$0.TextStylePolicy = $1
		$1.inheritsSet = null
		$1.scope = text/x-csharp
		$0.CSharpFormattingPolicy = $2
		$2.inheritsSet = Mono
		$2.inheritsScope = text/x-csharp
		$2.scope = text/x-csharp
		$0.TextStylePolicy = $3
		$3.FileWidth = 120
		$3.TabWidth = 4
		$3.IndentWidth = 4
		$3.EolMarker = Unix
		$3.inheritsSet = Mono
		$3.inheritsScope = text/plain
		$3.scope = text/plain
	EndGlobalSection

EndGlobal
